
Microsoft Visual Studio Solution File, Format Version 12.00
# Visual Studio Version 16
VisualStudioVersion = 16.0.30804.86
MinimumVisualStudioVersion = 10.0.40219.1
Project("{FAE04EC0-301F-11D3-BF4B-00C04F79EFBC}") = "RicardoMid214_002", "RicardoMid214_002\RicardoMid214_002.csproj", "{19360E0E-28EB-46B8-A1E6-94516B360360}"
EndProject
Global
	GlobalSection(SolutionConfigurationPlatforms) = preSolution
		Debug|Any CPU = Debug|Any CPU
		Release|Any CPU = Release|Any CPU
	EndGlobalSection
	GlobalSection(ProjectConfigurationPlatforms) = postSolution
		{19360E0E-28EB-46B8-A1E6-94516B360360}.Debug|Any CPU.ActiveCfg = Debug|Any CPU
		{19360E0E-28EB-46B8-A1E6-94516B360360}.Debug|Any CPU.Build.0 = Debug|Any CPU
		{19360E0E-28EB-46B8-A1E6-94516B360360}.Release|Any CPU.ActiveCfg = Release|Any CPU
		{19360E0E-28EB-46B8-A1E6-94516B360360}.Release|Any CPU.Build.0 = Release|Any CPU
	EndGlobalSection
	GlobalSection(SolutionProperties) = preSolution
		HideSolutionNode = FALSE
	EndGlobalSection
	GlobalSection(ExtensibilityGlobals) = postSolution
		SolutionGuid = {2C06B00D-D212-4EE4-9717-63728F857A30}
	EndGlobalSection
EndGlobal
